<?xml version="1.0" encoding="utf-8"?>
<Project ToolsVersion="4.0" xmlns="http://schemas.microsoft.com/developer/msbuild/2003">
  <ItemGroup>
    <ClInclude Include="..\Common\SearchTextHelpers.h" />
    <ClInclude Include="..\Common\SqliteIndexStore.h" />
    <ClInclude Include="AppTheme.h" />
    <ClInclude Include="D2DHdcPaint.h" />
    <ClInclude Include="Framework.h" />
    <ClInclude Include="ConnectionSecrets.h" />
    <ClInclude Include="ConnectionManagerWindow.h" />
    <ClInclude Include="ConnectionCredentialPromptDialog.h" />
    <ClInclude Include="WindowsHello.h" />
    <ClInclude Include="targetver.h" />
    <ClInclude Include="resource.h" />
    <ClInclude Include="RedSalamander.h" />
    <ClInclude Include="CrashHandler.h" />
    <ClInclude Include="FolderView.h" />
    <ClInclude Include="FolderViewEmptyStateLayout.h" />
    <ClInclude Include="FolderViewIncrementalSearch.h" />
    <ClInclude Include="FolderViewVisualState.h" />
    <ClInclude Include="FolderViewInternal.h" />
    <ClInclude Include="FolderWindow.h" />
    <ClInclude Include="FolderWindow.FileOperationsInternal.h" />
    <ClInclude Include="FolderWindow.FileOperations.IssuesPane.h" />
    <ClInclude Include="FolderWindow.FileOperations.Popup.h" />
    <ClInclude Include="SelfTest\FileOperations\FolderWindow.FileOperations.SelfTest.h" />
    <ClInclude Include="FolderWindowInternal.h" />
    <ClInclude Include="DirectoryInfoCache.h" />
    <ClInclude Include="MaskSyntax.h" />
    <ClInclude Include="FolderWatcher.h" />
    <ClInclude Include="FileActionLauncher.h" />
    <ClInclude Include="FileActionResolver.h" />
    <ClInclude Include="HostServices.h" />
    <ClInclude Include="SplashScreen.h" />
    <ClInclude Include="StartupMetrics.h" />
    <ClInclude Include="IconCache.h" />
    <ClInclude Include="Ui\\AlertOverlay.h" />
    <ClInclude Include="Ui\\AlertOverlayWindow.h" />
    <ClInclude Include="Ui\\AnimationDispatcher.h" />
    <ClInclude Include="NavigationView.h" />
    <ClInclude Include="NavigationViewInternal.h" />
    <ClInclude Include="Preferences.h" />
    <ClInclude Include="Preferences.Dialog.h" />
    <ClInclude Include="Preferences.Advanced.h" />
    <ClInclude Include="Preferences.CompareDirectories.h" />
    <ClInclude Include="Preferences.FileOperations.h" />
    <ClInclude Include="Preferences.FileActions.h" />
    <ClInclude Include="Preferences.HotPaths.h" />
    <ClInclude Include="Preferences.Editors.h" />
    <ClInclude Include="Preferences.UserMenu.h" />
    <ClInclude Include="Preferences.General.h" />
    <ClInclude Include="Preferences.Mouse.h" />
    <ClInclude Include="Preferences.Panes.h" />
    <ClInclude Include="Preferences.Plugins.h" />
    <ClInclude Include="Preferences.Keyboard.h" />
    <ClInclude Include="Preferences.Themes.h" />
    <ClInclude Include="Preferences.Viewers.h" />
    <ClInclude Include="Preferences.Internal.h" />
    <ClInclude Include="WSLDistro.h" />
    <ClInclude Include="ViewerPluginManager.h" />
    <ClInclude Include="FileSystemPluginManager.h" />
    <ClInclude Include="FunctionBar.h" />
    <ClInclude Include="ManagePluginsDialog.h" />
    <ClInclude Include="ChangeCase.h" />
    <ClInclude Include="SelfTest\Commands\Commands.SelfTest.h" />
    <ClInclude Include="CommandRegistry.h" />
    <ClInclude Include="SelfTest\CompareDirectories\CompareDirectoriesEngine.SelfTest.h" />
    <ClInclude Include="CompareDirectoriesEngine.h" />
    <ClInclude Include="FindFilesWindow.h" />
    <ClInclude Include="SearchFallbackEngine.h" />
    <ClInclude Include="CompareDirectoriesWindow.h" />
    <ClInclude Include="ShortcutDefaults.h" />
    <ClInclude Include="ShortcutManager.h" />
    <ClInclude Include="SelfTest\Common\SelfTestCommon.h" />
    <ClInclude Include="ShortcutText.h" />
    <ClInclude Include="ShortcutsWindow.h" />
    <ClInclude Include="SettingsSchemaExport.h" />
    <ClInclude Include="UiMetrics.h" />
    <ClInclude Include="ThemedInputFrames.h" />
    <ClInclude Include="Preferences.Plugin.Configuration.h" />
    <ClInclude Include="SettingsSchemaParser.h" />
    <ClInclude Include="WindowMaximizeBehavior.h" />
    <ClInclude Include="FluentIcons.h" />
    <ClInclude Include="CommandDispatch.Debug.h" />
    <ClInclude Include="NavigationLocation.h" />
    <ClInclude Include="SettingsSave.h" />
    <ClInclude Include="SettingsHotReload.h" />
    <ClInclude Include="WindowPlacementPersistence.h" />
  </ItemGroup>
  <ItemGroup>
    <ClCompile Include="..\Common\SearchTextHelpers.cpp" />
    <ClCompile Include="..\Common\SqliteIndexStore.cpp" />
    <ClCompile Include="AppTheme.cpp" />
    <ClCompile Include="D2DHdcPaint.cpp" />
    <ClCompile Include="CrashHandler.cpp" />
    <ClCompile Include="ChangeCase.cpp" />
    <ClCompile Include="SelfTest\Commands\Commands.SelfTest.cpp" />
    <ClCompile Include="RedSalamander.cpp" />
    <ClCompile Include="FolderView.cpp" />
    <ClCompile Include="FolderView.DragDrop.cpp" />
    <ClCompile Include="FolderView.Enumeration.cpp" />
    <ClCompile Include="FolderView.ErrorOverlay.cpp" />
    <ClCompile Include="FolderView.FileOps.cpp" />
    <ClCompile Include="FolderView.Icons.cpp" />
    <ClCompile Include="FolderView.Interaction.cpp" />
    <ClCompile Include="FolderView.Layout.cpp" />
    <ClCompile Include="FolderView.Menus.cpp" />
    <ClCompile Include="FolderView.Rendering.cpp" />
    <ClCompile Include="FolderView.Selection.cpp" />
    <ClCompile Include="FolderWindow.cpp" />
    <ClCompile Include="FolderWindow.FileOperations.cpp" />
    <ClCompile Include="FolderWindow.FileOperations.Dialog.cpp" />
    <ClCompile Include="FolderWindow.FileOperations.IssuesPane.cpp" />
    <ClCompile Include="FolderWindow.FileOperations.Popup.cpp" />
    <ClCompile Include="SelfTest\FileOperations\FolderWindow.FileOperations.SelfTest.cpp" />
    <ClCompile Include="FolderWindow.FileOperations.State.cpp" />
    <ClCompile Include="FolderWindow.FileSystem.cpp" />
    <ClCompile Include="FolderWindow.Interaction.cpp" />
    <ClCompile Include="FolderWindow.Layout.cpp" />
    <ClCompile Include="FolderWindow.SelectionSize.cpp" />
    <ClCompile Include="FolderWindow.StatusBar.cpp" />
    <ClCompile Include="FolderWindow.Viewers.cpp" />
    <ClCompile Include="DirectoryInfoCache.cpp" />
    <ClCompile Include="FolderWatcher.cpp" />
    <ClCompile Include="FileActionLauncher.cpp" />
    <ClCompile Include="FileActionResolver.cpp" />
    <ClCompile Include="ConnectionSecrets.cpp" />
    <ClCompile Include="ConnectionManagerWindow.cpp" />
    <ClCompile Include="ConnectionCredentialPromptDialog.cpp" />
    <ClCompile Include="WindowsHello.cpp" />
    <ClCompile Include="HostServices.cpp" />
    <ClCompile Include="Ui\\AlertOverlayWindow.cpp" />
    <ClCompile Include="SplashScreen.cpp" />
    <ClCompile Include="StartupMetrics.cpp" />
    <ClCompile Include="IconCache.cpp" />
    <ClCompile Include="NavigationView.cpp" />
    <ClCompile Include="NavigationView.Breadcrumb.cpp" />
    <ClCompile Include="NavigationView.Edit.cpp" />
    <ClCompile Include="NavigationView.FullPathPopup.cpp" />
    <ClCompile Include="NavigationView.Interaction.cpp" />
    <ClCompile Include="NavigationView.Menus.cpp" />
    <ClCompile Include="NavigationView.Rendering.cpp" />
    <ClCompile Include="Preferences.cpp" />
    <ClCompile Include="Preferences.Dialog.cpp" />
    <ClCompile Include="Preferences.Internal.cpp" />
    <ClCompile Include="Preferences.Advanced.cpp" />
    <ClCompile Include="Preferences.CompareDirectories.cpp" />
    <ClCompile Include="Preferences.FileOperations.cpp" />
    <ClCompile Include="Preferences.FileActions.cpp" />
    <ClCompile Include="Preferences.HotPaths.cpp" />
    <ClCompile Include="Preferences.Editors.cpp" />
    <ClCompile Include="Preferences.UserMenu.cpp" />
    <ClCompile Include="Preferences.General.cpp" />
    <ClCompile Include="Preferences.Mouse.cpp" />
    <ClCompile Include="Preferences.Panes.cpp" />
    <ClCompile Include="Preferences.Plugins.cpp" />
    <ClCompile Include="Preferences.Keyboard.cpp" />
    <ClCompile Include="Preferences.Themes.cpp" />
    <ClCompile Include="Preferences.Viewers.cpp" />
    <ClCompile Include="WSLDistro.cpp" />
    <ClCompile Include="ViewerPluginManager.cpp" />
    <ClCompile Include="FileSystemPluginManager.cpp" />
    <ClCompile Include="FunctionBar.cpp" />
    <ClCompile Include="ManagePluginsDialog.cpp" />
    <ClCompile Include="MaskSyntax.cpp" />
    <ClCompile Include="CommandRegistry.cpp" />
    <ClCompile Include="SelfTest\CompareDirectories\CompareDirectoriesEngine.SelfTest.cpp" />
    <ClCompile Include="CompareDirectoriesEngine.cpp" />
    <ClCompile Include="FindFilesWindow.cpp" />
    <ClCompile Include="SearchFallbackEngine.cpp" />
    <ClCompile Include="CompareDirectoriesWindow.cpp" />
    <ClCompile Include="ShortcutDefaults.cpp" />
    <ClCompile Include="ShortcutManager.cpp" />
    <ClCompile Include="SelfTest\Common\SelfTestCommon.cpp" />
    <ClCompile Include="ShortcutText.cpp" />
    <ClCompile Include="ShortcutsWindow.cpp" />
    <ClCompile Include="SettingsSchemaExport.cpp" />
    <ClCompile Include="UiMetrics.cpp" />
    <ClCompile Include="FolderWindow.ItemProperties.cpp" />
    <ClCompile Include="Preferences.Plugin.Configuration.cpp" />
    <ClCompile Include="SettingsSchemaParser.cpp" />
    <ClCompile Include="SettingsHotReload.cpp" />
    <ClCompile Include="ThemedInputFrames.cpp" />
  </ItemGroup>
  <ItemGroup>
    <ResourceCompile Include="RedSalamander.rc" />
    <ResourceCompile Include="FolderViewResources.rc" />
    <ResourceCompile Include="PluginManagerResources.rc" />
  </ItemGroup>
  <ItemGroup>
    <Image Include="res\logo.ico" />
    <Image Include="res\logo.png" />
    <Image Include="res\logo_big.ico" />
    <Image Include="res\logo_big_debug.ico" />
    <Image Include="res\logo_background.ico" />
    <Image Include="res\logo2.png" />
    <Image Include="res\logo2_background.png" />
    <Image Include="res\logo64.png" />
    <Image Include="res\logo256.png" />
    <Image Include="res\RedSalamander.ico" />
    <Image Include="res\small.ico" />
    <Image Include="res\wsl_ubuntu.png" />
    <Image Include="res\wsl_debian.png" />
    <Image Include="res\wsl_fedora.png" />
    <Image Include="res\wsl_linux_black.png" />
  </ItemGroup>
  <ItemGroup>
    <None Include="SelfTest\Commands\Commands.SelfTest.CompareOptions.cpp" />
    <None Include="SelfTest\Commands\Commands.SelfTest.Connections.cpp" />
    <None Include="SelfTest\Commands\Commands.SelfTest.Dialogs.cpp" />
    <None Include="SelfTest\Commands\Commands.SelfTest.FileOps.cpp" />
    <None Include="SelfTest\Commands\Commands.SelfTest.Navigation.cpp" />
    <None Include="SelfTest\Commands\Commands.SelfTest.PluginConfig.cpp" />
    <None Include="SelfTest\Commands\Commands.SelfTest.Preferences.cpp" />
    <None Include="SelfTest\Commands\Commands.SelfTest.Preferences.ChromeAndPlugins.cpp" />
    <None Include="SelfTest\Commands\Commands.SelfTest.Preferences.ViewersAndKeyboardLists.cpp" />
    <None Include="SelfTest\Commands\Commands.SelfTest.Preferences.ThemesGeneralPanes.cpp" />
    <None Include="SelfTest\Commands\Commands.SelfTest.Preferences.HotPathsAndKeyboard.cpp" />
    <None Include="SelfTest\Commands\Commands.SelfTest.Preferences.PluginsThemesAdvanced.cpp" />
    <None Include="SelfTest\Commands\Commands.SelfTest.Preferences.FileOpsCompareAndTree.cpp" />
    <None Include="SelfTest\Commands\Commands.SelfTest.Preferences.Dispatch.cpp" />
    <None Include="SelfTest\Commands\Commands.SelfTest.Search.cpp" />
    <None Include="SelfTest\Commands\Commands.SelfTest.ShellCommands.cpp" />
    <None Include="SelfTest\Commands\Commands.SelfTest.Settings.cpp" />
    <None Include="SelfTest\Commands\Commands.SelfTest.Shortcuts.cpp" />
    <None Include="SelfTest\Commands\Commands.SelfTest.ViewCommands.cpp" />
    <None Include="SelfTest\CompareDirectories\CompareDirectoriesEngine.SelfTest.Cases.SearchAndIndex.cpp" />
    <None Include="SelfTest\CompareDirectories\CompareDirectoriesEngine.SelfTest.Cases.CoreDiffs.cpp" />
    <None Include="SelfTest\CompareDirectories\CompareDirectoriesEngine.SelfTest.Cases.RuntimeAndRemote.cpp" />
    <None Include="SelfTest\FileOperations\FolderWindow.FileOperations.SelfTest.Phases05_06.cpp" />
    <None Include="SelfTest\FileOperations\FolderWindow.FileOperations.SelfTest.Phases07_09.cpp" />
    <None Include="SelfTest\FileOperations\FolderWindow.FileOperations.SelfTest.Phases10_13.cpp" />
    <None Include="SelfTest\FileOperations\FolderWindow.FileOperations.SelfTest.Phases14_16.cpp" />
  </ItemGroup>
</Project>
