<?xml version="1.0" encoding="utf-8"?>
<Project ToolsVersion="4.0" xmlns="http://schemas.microsoft.com/developer/msbuild/2003">
  <ItemGroup>
    <ClInclude Include="AppTheme.h" />
    <ClInclude Include="Framework.h" />
    <ClInclude Include="ConnectionSecrets.h" />
    <ClInclude Include="ConnectionManagerDialog.h" />
    <ClInclude Include="ConnectionCredentialPromptDialog.h" />
    <ClInclude Include="WindowsHello.h" />
    <ClInclude Include="targetver.h" />
    <ClInclude Include="resource.h" />
    <ClInclude Include="RedSalamander.h" />
    <ClInclude Include="CrashHandler.h" />
    <ClInclude Include="FolderView.h" />
    <ClInclude Include="FolderViewInternal.h" />
    <ClInclude Include="FolderWindow.h" />
    <ClInclude Include="FolderWindow.FileOperationsInternal.h" />
    <ClInclude Include="FolderWindow.FileOperations.IssuesPane.h" />
    <ClInclude Include="FolderWindow.FileOperations.Popup.h" />
    <ClInclude Include="FolderWindow.FileOperations.SelfTest.h" />
    <ClInclude Include="FolderWindowInternal.h" />
    <ClInclude Include="DirectoryInfoCache.h" />
    <ClInclude Include="FolderWatcher.h" />
    <ClInclude Include="HostServices.h" />
    <ClInclude Include="SplashScreen.h" />
    <ClInclude Include="StartupMetrics.h" />
    <ClInclude Include="IconCache.h" />
    <ClInclude Include="Ui\\AlertOverlay.h" />
    <ClInclude Include="Ui\\AlertOverlayWindow.h" />
    <ClInclude Include="Ui\\AnimationDispatcher.h" />
    <ClInclude Include="NavigationView.h" />
    <ClInclude Include="NavigationViewInternal.h" />
    <ClInclude Include="Preferences.h" />
    <ClInclude Include="Preferences.Dialog.h" />
    <ClInclude Include="Preferences.Advanced.h" />
    <ClInclude Include="Preferences.CompareDirectories.h" />
    <ClInclude Include="Preferences.HotPaths.h" />
    <ClInclude Include="Preferences.Editors.h" />
    <ClInclude Include="Preferences.General.h" />
    <ClInclude Include="Preferences.Mouse.h" />
    <ClInclude Include="Preferences.Panes.h" />
    <ClInclude Include="Preferences.Plugins.h" />
    <ClInclude Include="Preferences.Keyboard.h" />
    <ClInclude Include="Preferences.Themes.h" />
    <ClInclude Include="Preferences.Viewers.h" />
    <ClInclude Include="Preferences.Internal.h" />
    <ClInclude Include="WSLDistro.h" />
    <ClInclude Include="ViewerPluginManager.h" />
    <ClInclude Include="FileSystemPluginManager.h" />
    <ClInclude Include="FunctionBar.h" />
    <ClInclude Include="ManagePluginsDialog.h" />
    <ClInclude Include="ChangeCase.h" />
    <ClInclude Include="Commands.SelfTest.h" />
    <ClInclude Include="CommandRegistry.h" />
    <ClInclude Include="CompareDirectoriesEngine.SelfTest.h" />
    <ClInclude Include="CompareDirectoriesEngine.h" />
    <ClInclude Include="CompareDirectoriesWindow.h" />
    <ClInclude Include="ShortcutDefaults.h" />
    <ClInclude Include="ShortcutManager.h" />
    <ClInclude Include="SelfTestCommon.h" />
    <ClInclude Include="ShortcutText.h" />
    <ClInclude Include="ShortcutsWindow.h" />
    <ClInclude Include="SettingsSchemaExport.h" />
    <ClInclude Include="ThemedControls.h" />
    <ClInclude Include="ThemedInputFrames.h" />
    <ClInclude Include="Preferences.Plugin.Configuration.h" />
    <ClInclude Include="SettingsSchemaParser.h" />
    <ClInclude Include="WindowMaximizeBehavior.h" />
    <ClInclude Include="FluentIcons.h" />
    <ClInclude Include="CommandDispatch.Debug.h" />
    <ClInclude Include="NavigationLocation.h" />
    <ClInclude Include="SettingsSave.h" />
    <ClInclude Include="WindowPlacementPersistence.h" />
  </ItemGroup>
  <ItemGroup>
    <ClCompile Include="AppTheme.cpp" />
    <ClCompile Include="CrashHandler.cpp" />
    <ClCompile Include="ChangeCase.cpp" />
    <ClCompile Include="Commands.SelfTest.cpp" />
    <ClCompile Include="RedSalamander.cpp" />
    <ClCompile Include="FolderView.cpp" />
    <ClCompile Include="FolderView.DragDrop.cpp" />
    <ClCompile Include="FolderView.Enumeration.cpp" />
    <ClCompile Include="FolderView.ErrorOverlay.cpp" />
    <ClCompile Include="FolderView.FileOps.cpp" />
    <ClCompile Include="FolderView.Icons.cpp" />
    <ClCompile Include="FolderView.Interaction.cpp" />
    <ClCompile Include="FolderView.Layout.cpp" />
    <ClCompile Include="FolderView.Menus.cpp" />
    <ClCompile Include="FolderView.Rendering.cpp" />
    <ClCompile Include="FolderView.Selection.cpp" />
    <ClCompile Include="FolderWindow.cpp" />
    <ClCompile Include="FolderWindow.FileOperations.cpp" />
    <ClCompile Include="FolderWindow.FileOperations.Dialog.cpp" />
    <ClCompile Include="FolderWindow.FileOperations.IssuesPane.cpp" />
    <ClCompile Include="FolderWindow.FileOperations.Popup.cpp" />
    <ClCompile Include="FolderWindow.FileOperations.SelfTest.cpp" />
    <ClCompile Include="FolderWindow.FileOperations.State.cpp" />
    <ClCompile Include="FolderWindow.FileSystem.cpp" />
    <ClCompile Include="FolderWindow.Interaction.cpp" />
    <ClCompile Include="FolderWindow.Layout.cpp" />
    <ClCompile Include="FolderWindow.SelectionSize.cpp" />
    <ClCompile Include="FolderWindow.StatusBar.cpp" />
    <ClCompile Include="FolderWindow.Viewers.cpp" />
    <ClCompile Include="DirectoryInfoCache.cpp" />
    <ClCompile Include="FolderWatcher.cpp" />
    <ClCompile Include="ConnectionSecrets.cpp" />
    <ClCompile Include="ConnectionManagerDialog.cpp" />
    <ClCompile Include="ConnectionCredentialPromptDialog.cpp" />
    <ClCompile Include="WindowsHello.cpp" />
    <ClCompile Include="HostServices.cpp" />
    <ClCompile Include="Ui\\AlertOverlayWindow.cpp" />
    <ClCompile Include="SplashScreen.cpp" />
    <ClCompile Include="StartupMetrics.cpp" />
    <ClCompile Include="IconCache.cpp" />
    <ClCompile Include="NavigationView.cpp" />
    <ClCompile Include="NavigationView.Breadcrumb.cpp" />
    <ClCompile Include="NavigationView.Edit.cpp" />
    <ClCompile Include="NavigationView.FullPathPopup.cpp" />
    <ClCompile Include="NavigationView.Interaction.cpp" />
    <ClCompile Include="NavigationView.Menus.cpp" />
    <ClCompile Include="NavigationView.Rendering.cpp" />
    <ClCompile Include="Preferences.cpp" />
    <ClCompile Include="Preferences.Dialog.cpp" />
    <ClCompile Include="Preferences.Internal.cpp" />
    <ClCompile Include="Preferences.Advanced.cpp" />
    <ClCompile Include="Preferences.CompareDirectories.cpp" />
    <ClCompile Include="Preferences.HotPaths.cpp" />
    <ClCompile Include="Preferences.Editors.cpp" />
    <ClCompile Include="Preferences.General.cpp" />
    <ClCompile Include="Preferences.Mouse.cpp" />
    <ClCompile Include="Preferences.Panes.cpp" />
    <ClCompile Include="Preferences.Plugins.cpp" />
    <ClCompile Include="Preferences.Keyboard.cpp" />
    <ClCompile Include="Preferences.Themes.cpp" />
    <ClCompile Include="Preferences.Viewers.cpp" />
    <ClCompile Include="WSLDistro.cpp" />
    <ClCompile Include="ViewerPluginManager.cpp" />
    <ClCompile Include="FileSystemPluginManager.cpp" />
    <ClCompile Include="FunctionBar.cpp" />
    <ClCompile Include="ManagePluginsDialog.cpp" />
    <ClCompile Include="CommandRegistry.cpp" />
    <ClCompile Include="CompareDirectoriesEngine.SelfTest.cpp" />
    <ClCompile Include="CompareDirectoriesEngine.cpp" />
    <ClCompile Include="CompareDirectoriesWindow.cpp" />
    <ClCompile Include="ShortcutDefaults.cpp" />
    <ClCompile Include="ShortcutManager.cpp" />
    <ClCompile Include="SelfTestCommon.cpp" />
    <ClCompile Include="ShortcutText.cpp" />
    <ClCompile Include="ShortcutsWindow.cpp" />
    <ClCompile Include="SettingsSchemaExport.cpp" />
    <ClCompile Include="ThemedControls.cpp" />
    <ClCompile Include="FolderWindow.ItemProperties.cpp" />
    <ClCompile Include="Preferences.Plugin.Configuration.cpp" />
    <ClCompile Include="SettingsSchemaParser.cpp" />
    <ClCompile Include="ThemedInputFrames.cpp" />
  </ItemGroup>
  <ItemGroup>
    <ResourceCompile Include="RedSalamander.rc" />
    <ResourceCompile Include="FolderViewResources.rc" />
    <ResourceCompile Include="PluginManagerResources.rc" />
  </ItemGroup>
  <ItemGroup>
    <Image Include="res\logo.ico" />
    <Image Include="res\logo.png" />
    <Image Include="res\logo_big.ico" />
    <Image Include="res\logo_background.ico" />
    <Image Include="res\logo2.png" />
    <Image Include="res\logo2_background.png" />
    <Image Include="res\logo256.png" />
    <Image Include="res\RedSalamander.ico" />
    <Image Include="res\small.ico" />
    <Image Include="res\wsl_ubuntu.png" />
    <Image Include="res\wsl_debian.png" />
    <Image Include="res\wsl_fedora.png" />
    <Image Include="res\wsl_linux_black.png" />
  </ItemGroup>
</Project>