
Microsoft Visual Studio Solution File, Format Version 12.00
# Visual Studio Version 18
VisualStudioVersion = 18.3.11206.111
MinimumVisualStudioVersion = 10.0.40219.1
Project("{8BC9CEB8-8B4A-11D0-8D11-00A0C91BC942}") = "RedSalamander", "RedSalamander\RedSalamander.vcxproj", "{D2B87EB8-E4D3-43B4-9610-407E297F8916}"
	ProjectSection(ProjectDependencies) = postProject
		{4AF38B46-6204-420D-A7FD-8C83DCB4DAFE} = {4AF38B46-6204-420D-A7FD-8C83DCB4DAFE}
		{87FB9A11-83CC-44D8-9FEC-9AA9D72667EF} = {87FB9A11-83CC-44D8-9FEC-9AA9D72667EF}
		{FF4E36BC-807A-46AF-A37E-1C152D6BDCC3} = {FF4E36BC-807A-46AF-A37E-1C152D6BDCC3}
		{019B602A-6927-48AC-B2CE-F2630537B1DB} = {019B602A-6927-48AC-B2CE-F2630537B1DB}
		{6B1D68C6-8B63-4D95-94DC-5C686FC9FD67} = {6B1D68C6-8B63-4D95-94DC-5C686FC9FD67}
		{A1E63302-8AEF-47F2-8E38-BA12988ED0C9} = {A1E63302-8AEF-47F2-8E38-BA12988ED0C9}
		{58A0DE28-F167-48CA-9CC2-CA6D6313A0F1} = {58A0DE28-F167-48CA-9CC2-CA6D6313A0F1}
		{0DE8F6B5-FCD1-4BBF-AB29-B987731B9FAA} = {0DE8F6B5-FCD1-4BBF-AB29-B987731B9FAA}
		{BEC3E5BC-7169-4D18-BCE4-BB8457D6FF22} = {BEC3E5BC-7169-4D18-BCE4-BB8457D6FF22}
	EndProjectSection
EndProject
Project("{8BC9CEB8-8B4A-11D0-8D11-00A0C91BC942}") = "RedSalamanderMonitor", "RedSalamanderMonitor\RedSalamanderMonitor.vcxproj", "{4AF38B46-6204-420D-A7FD-8C83DCB4DAFE}"
	ProjectSection(ProjectDependencies) = postProject
		{87FB9A11-83CC-44D8-9FEC-9AA9D72667EF} = {87FB9A11-83CC-44D8-9FEC-9AA9D72667EF}
	EndProjectSection
EndProject
Project("{C7167F0D-BC9F-4E6E-AFE1-012C56B48DB5}") = "RedSalamanderInstaller", "Installer\msix\RedSalamanderInstaller.wapproj", "{9A97489C-F552-4B8C-875A-199D3E5A1E3A}"
EndProject
Project("{2150E333-8FDC-42A3-9474-1A3956D46DE8}") = "Solution Items", "Solution Items", "{8EC462FD-D22E-90A8-E5CE-7E832BA40C5D}"
	ProjectSection(SolutionItems) = preProject
		.clang-format = .clang-format
		AGENTS.md = AGENTS.md
		Common\Helpers.h = Common\Helpers.h
		LICENSE.txt = LICENSE.txt
		README.md = README.md
		vcpkg.json = vcpkg.json
		Common\Version.h = Common\Version.h
	EndProjectSection
EndProject
Project("{8BC9CEB8-8B4A-11D0-8D11-00A0C91BC942}") = "Common", "Common\Common\Common.vcxproj", "{87FB9A11-83CC-44D8-9FEC-9AA9D72667EF}"
EndProject
Project("{8BC9CEB8-8B4A-11D0-8D11-00A0C91BC942}") = "FileSystem", "Plugins\FileSystem\FileSystem.vcxproj", "{FF4E36BC-807A-46AF-A37E-1C152D6BDCC3}"
EndProject
Project("{8BC9CEB8-8B4A-11D0-8D11-00A0C91BC942}") = "FileSystemDummy", "Plugins\FileSystemDummy\FileSystemDummy.vcxproj", "{9C48DD1E-7B87-4B7D-AE8E-5875E7147D8D}"
EndProject
Project("{8BC9CEB8-8B4A-11D0-8D11-00A0C91BC942}") = "ls1", "PoC\ls1\ls1.vcxproj", "{FF483C87-7B7B-4441-A5D7-A6C55FB29486}"
EndProject
Project("{2150E333-8FDC-42A3-9474-1A3956D46DE8}") = "PoC", "PoC", "{02EA681E-C7D8-13C7-8484-4AC65E1B71E8}"
EndProject
Project("{8BC9CEB8-8B4A-11D0-8D11-00A0C91BC942}") = "ls2", "PoC\ls2\ls2.vcxproj", "{DC093B93-8E2F-4541-909B-466900B4A4DE}"
EndProject
Project("{8BC9CEB8-8B4A-11D0-8D11-00A0C91BC942}") = "ls3", "PoC\ls3\ls3.vcxproj", "{54DF262B-CFA0-4EF1-BE94-CF9799182A71}"
EndProject
Project("{8BC9CEB8-8B4A-11D0-8D11-00A0C91BC942}") = "ls4", "PoC\ls4\ls4.vcxproj", "{29BBC5DE-785A-4046-B469-950B3FAEBDB2}"
	ProjectSection(ProjectDependencies) = postProject
		{FF4E36BC-807A-46AF-A37E-1C152D6BDCC3} = {FF4E36BC-807A-46AF-A37E-1C152D6BDCC3}
	EndProjectSection
EndProject
Project("{8BC9CEB8-8B4A-11D0-8D11-00A0C91BC942}") = "FlipSequentialDiscard", "PoC\FlipSequentialDiscard\FlipSequentialDiscard.vcxproj", "{A533248B-FCF4-436D-902C-28A623C76273}"
EndProject
Project("{2150E333-8FDC-42A3-9474-1A3956D46DE8}") = "Plugins", "Plugins", "{B52E4DB3-D506-4FF4-A314-E1A317B9AD95}"
EndProject
Project("{2150E333-8FDC-42A3-9474-1A3956D46DE8}") = "Common Headers", "Common Headers", "{6E4B64A1-B26D-421B-894D-5668003301CE}"
	ProjectSection(SolutionItems) = preProject
		Common\ExceptionHelpers.h = Common\ExceptionHelpers.h
		Common\Helpers.h = Common\Helpers.h
		Common\SettingsStore.h = Common\SettingsStore.h
		Common\Version.h = Common\Version.h
	EndProjectSection
EndProject
Project("{8BC9CEB8-8B4A-11D0-8D11-00A0C91BC942}") = "MonitorTest", "PoC\MonitorTest\MonitorTest.vcxproj", "{A1AF5BD1-3BF1-4BD5-83BB-6EC9D2E0D0CE}"
EndProject
Project("{2150E333-8FDC-42A3-9474-1A3956D46DE8}") = "PlugInterfaces", "PlugInterfaces", "{CA2F8920-35D5-45FB-A17C-22A741C33B68}"
	ProjectSection(SolutionItems) = preProject
		Common\PlugInterfaces\DriveInfo.h = Common\PlugInterfaces\DriveInfo.h
		Common\PlugInterfaces\Factory.h = Common\PlugInterfaces\Factory.h
		Common\PlugInterfaces\FileSystem.h = Common\PlugInterfaces\FileSystem.h
		Common\PlugInterfaces\Informations.h = Common\PlugInterfaces\Informations.h
		Common\PlugInterfaces\NavigationMenu.h = Common\PlugInterfaces\NavigationMenu.h
		Common\PlugInterfaces\Viewer.h = Common\PlugInterfaces\Viewer.h
	EndProjectSection
EndProject
Project("{8BC9CEB8-8B4A-11D0-8D11-00A0C91BC942}") = "FileSystem7z", "Plugins\FileSystem7z\FileSystem7z.vcxproj", "{F2C0D605-2E0F-4D2A-A8A0-2C0F5E5C1B9D}"
EndProject
Project("{8BC9CEB8-8B4A-11D0-8D11-00A0C91BC942}") = "FileSystemCurl", "Plugins\FileSystemCurl\FileSystemCurl.vcxproj", "{3B5E6B2C-0D0B-4B0F-9F57-343F9D2B1C6A}"
EndProject
Project("{8BC9CEB8-8B4A-11D0-8D11-00A0C91BC942}") = "FileSystemS3", "Plugins\FileSystemS3\FileSystemS3.vcxproj", "{B8E8B457-B7C4-4E7D-BF8D-D18598A0B449}"
EndProject
Project("{8BC9CEB8-8B4A-11D0-8D11-00A0C91BC942}") = "ViewerText", "Plugins\ViewerText\ViewerText.vcxproj", "{019B602A-6927-48AC-B2CE-F2630537B1DB}"
EndProject
Project("{8BC9CEB8-8B4A-11D0-8D11-00A0C91BC942}") = "ViewerSpace", "Plugins\ViewerSpace\ViewerSpace.vcxproj", "{6B1D68C6-8B63-4D95-94DC-5C686FC9FD67}"
EndProject
Project("{8BC9CEB8-8B4A-11D0-8D11-00A0C91BC942}") = "ViewerImgRaw", "Plugins\ViewerImgRaw\ViewerImgRaw.vcxproj", "{A1E63302-8AEF-47F2-8E38-BA12988ED0C9}"
EndProject
Project("{8BC9CEB8-8B4A-11D0-8D11-00A0C91BC942}") = "ViewerVLC", "Plugins\ViewerVLC\ViewerVLC.vcxproj", "{58A0DE28-F167-48CA-9CC2-CA6D6313A0F1}"
EndProject
Project("{8BC9CEB8-8B4A-11D0-8D11-00A0C91BC942}") = "ViewerPE", "Plugins\ViewerPE\ViewerPE.vcxproj", "{0DE8F6B5-FCD1-4BBF-AB29-B987731B9FAA}"
EndProject
Project("{8BC9CEB8-8B4A-11D0-8D11-00A0C91BC942}") = "ViewerWeb", "Plugins\ViewerWeb\ViewerWeb.vcxproj", "{BEC3E5BC-7169-4D18-BCE4-BB8457D6FF22}"
EndProject
Global
	GlobalSection(SolutionConfigurationPlatforms) = preSolution
		ASan Debug|ARM64 = ASan Debug|ARM64
		ASan Debug|x64 = ASan Debug|x64
		Debug|ARM64 = Debug|ARM64
		Debug|x64 = Debug|x64
		Release|ARM64 = Release|ARM64
		Release|x64 = Release|x64
	EndGlobalSection
	GlobalSection(ProjectConfigurationPlatforms) = postSolution
		{D2B87EB8-E4D3-43B4-9610-407E297F8916}.ASan Debug|ARM64.ActiveCfg = ASan Debug|ARM64
		{D2B87EB8-E4D3-43B4-9610-407E297F8916}.ASan Debug|ARM64.Build.0 = ASan Debug|ARM64
		{D2B87EB8-E4D3-43B4-9610-407E297F8916}.ASan Debug|x64.ActiveCfg = ASan Debug|x64
		{D2B87EB8-E4D3-43B4-9610-407E297F8916}.ASan Debug|x64.Build.0 = ASan Debug|x64
		{D2B87EB8-E4D3-43B4-9610-407E297F8916}.Debug|ARM64.ActiveCfg = Debug|ARM64
		{D2B87EB8-E4D3-43B4-9610-407E297F8916}.Debug|ARM64.Build.0 = Debug|ARM64
		{D2B87EB8-E4D3-43B4-9610-407E297F8916}.Debug|x64.ActiveCfg = Debug|x64
		{D2B87EB8-E4D3-43B4-9610-407E297F8916}.Debug|x64.Build.0 = Debug|x64
		{D2B87EB8-E4D3-43B4-9610-407E297F8916}.Release|ARM64.ActiveCfg = Release|ARM64
		{D2B87EB8-E4D3-43B4-9610-407E297F8916}.Release|ARM64.Build.0 = Release|ARM64
		{D2B87EB8-E4D3-43B4-9610-407E297F8916}.Release|x64.ActiveCfg = Release|x64
		{D2B87EB8-E4D3-43B4-9610-407E297F8916}.Release|x64.Build.0 = Release|x64
		{4AF38B46-6204-420D-A7FD-8C83DCB4DAFE}.ASan Debug|ARM64.ActiveCfg = ASan Debug|ARM64
		{4AF38B46-6204-420D-A7FD-8C83DCB4DAFE}.ASan Debug|ARM64.Build.0 = ASan Debug|ARM64
		{4AF38B46-6204-420D-A7FD-8C83DCB4DAFE}.ASan Debug|x64.ActiveCfg = ASan Debug|x64
		{4AF38B46-6204-420D-A7FD-8C83DCB4DAFE}.ASan Debug|x64.Build.0 = ASan Debug|x64
		{4AF38B46-6204-420D-A7FD-8C83DCB4DAFE}.Debug|ARM64.ActiveCfg = Debug|ARM64
		{4AF38B46-6204-420D-A7FD-8C83DCB4DAFE}.Debug|ARM64.Build.0 = Debug|ARM64
		{4AF38B46-6204-420D-A7FD-8C83DCB4DAFE}.Debug|x64.ActiveCfg = Debug|x64
		{4AF38B46-6204-420D-A7FD-8C83DCB4DAFE}.Debug|x64.Build.0 = Debug|x64
		{4AF38B46-6204-420D-A7FD-8C83DCB4DAFE}.Release|ARM64.ActiveCfg = Release|ARM64
		{4AF38B46-6204-420D-A7FD-8C83DCB4DAFE}.Release|ARM64.Build.0 = Release|ARM64
		{4AF38B46-6204-420D-A7FD-8C83DCB4DAFE}.Release|x64.ActiveCfg = Release|x64
		{4AF38B46-6204-420D-A7FD-8C83DCB4DAFE}.Release|x64.Build.0 = Release|x64
		{9A97489C-F552-4B8C-875A-199D3E5A1E3A}.ASan Debug|ARM64.ActiveCfg = Release|ARM64
		{9A97489C-F552-4B8C-875A-199D3E5A1E3A}.ASan Debug|ARM64.Build.0 = Release|ARM64
		{9A97489C-F552-4B8C-875A-199D3E5A1E3A}.ASan Debug|ARM64.Deploy.0 = Release|ARM64
		{9A97489C-F552-4B8C-875A-199D3E5A1E3A}.ASan Debug|x64.ActiveCfg = Debug|x64
		{9A97489C-F552-4B8C-875A-199D3E5A1E3A}.Debug|ARM64.ActiveCfg = Debug|ARM64
		{9A97489C-F552-4B8C-875A-199D3E5A1E3A}.Debug|ARM64.Deploy.0 = Debug|ARM64
		{9A97489C-F552-4B8C-875A-199D3E5A1E3A}.Debug|x64.ActiveCfg = Debug|x64
		{9A97489C-F552-4B8C-875A-199D3E5A1E3A}.Release|ARM64.ActiveCfg = Release|ARM64
		{9A97489C-F552-4B8C-875A-199D3E5A1E3A}.Release|ARM64.Deploy.0 = Release|ARM64
		{9A97489C-F552-4B8C-875A-199D3E5A1E3A}.Release|x64.ActiveCfg = Release|x64
		{87FB9A11-83CC-44D8-9FEC-9AA9D72667EF}.ASan Debug|ARM64.ActiveCfg = ASan Debug|ARM64
		{87FB9A11-83CC-44D8-9FEC-9AA9D72667EF}.ASan Debug|ARM64.Build.0 = ASan Debug|ARM64
		{87FB9A11-83CC-44D8-9FEC-9AA9D72667EF}.ASan Debug|x64.ActiveCfg = ASan Debug|x64
		{87FB9A11-83CC-44D8-9FEC-9AA9D72667EF}.ASan Debug|x64.Build.0 = ASan Debug|x64
		{87FB9A11-83CC-44D8-9FEC-9AA9D72667EF}.Debug|ARM64.ActiveCfg = Debug|ARM64
		{87FB9A11-83CC-44D8-9FEC-9AA9D72667EF}.Debug|ARM64.Build.0 = Debug|ARM64
		{87FB9A11-83CC-44D8-9FEC-9AA9D72667EF}.Debug|x64.ActiveCfg = Debug|x64
		{87FB9A11-83CC-44D8-9FEC-9AA9D72667EF}.Debug|x64.Build.0 = Debug|x64
		{87FB9A11-83CC-44D8-9FEC-9AA9D72667EF}.Release|ARM64.ActiveCfg = Release|ARM64
		{87FB9A11-83CC-44D8-9FEC-9AA9D72667EF}.Release|ARM64.Build.0 = Release|ARM64
		{87FB9A11-83CC-44D8-9FEC-9AA9D72667EF}.Release|x64.ActiveCfg = Release|x64
		{87FB9A11-83CC-44D8-9FEC-9AA9D72667EF}.Release|x64.Build.0 = Release|x64
		{FF4E36BC-807A-46AF-A37E-1C152D6BDCC3}.ASan Debug|ARM64.ActiveCfg = ASan Debug|ARM64
		{FF4E36BC-807A-46AF-A37E-1C152D6BDCC3}.ASan Debug|ARM64.Build.0 = ASan Debug|ARM64
		{FF4E36BC-807A-46AF-A37E-1C152D6BDCC3}.ASan Debug|x64.ActiveCfg = ASan Debug|x64
		{FF4E36BC-807A-46AF-A37E-1C152D6BDCC3}.ASan Debug|x64.Build.0 = ASan Debug|x64
		{FF4E36BC-807A-46AF-A37E-1C152D6BDCC3}.Debug|ARM64.ActiveCfg = Debug|ARM64
		{FF4E36BC-807A-46AF-A37E-1C152D6BDCC3}.Debug|ARM64.Build.0 = Debug|ARM64
		{FF4E36BC-807A-46AF-A37E-1C152D6BDCC3}.Debug|x64.ActiveCfg = Debug|x64
		{FF4E36BC-807A-46AF-A37E-1C152D6BDCC3}.Debug|x64.Build.0 = Debug|x64
		{FF4E36BC-807A-46AF-A37E-1C152D6BDCC3}.Release|ARM64.ActiveCfg = Release|ARM64
		{FF4E36BC-807A-46AF-A37E-1C152D6BDCC3}.Release|ARM64.Build.0 = Release|ARM64
		{FF4E36BC-807A-46AF-A37E-1C152D6BDCC3}.Release|x64.ActiveCfg = Release|x64
		{FF4E36BC-807A-46AF-A37E-1C152D6BDCC3}.Release|x64.Build.0 = Release|x64
		{9C48DD1E-7B87-4B7D-AE8E-5875E7147D8D}.ASan Debug|ARM64.ActiveCfg = ASan Debug|ARM64
		{9C48DD1E-7B87-4B7D-AE8E-5875E7147D8D}.ASan Debug|ARM64.Build.0 = ASan Debug|ARM64
		{9C48DD1E-7B87-4B7D-AE8E-5875E7147D8D}.ASan Debug|x64.ActiveCfg = ASan Debug|x64
		{9C48DD1E-7B87-4B7D-AE8E-5875E7147D8D}.ASan Debug|x64.Build.0 = ASan Debug|x64
		{9C48DD1E-7B87-4B7D-AE8E-5875E7147D8D}.Debug|ARM64.ActiveCfg = Debug|ARM64
		{9C48DD1E-7B87-4B7D-AE8E-5875E7147D8D}.Debug|ARM64.Build.0 = Debug|ARM64
		{9C48DD1E-7B87-4B7D-AE8E-5875E7147D8D}.Debug|x64.ActiveCfg = Debug|x64
		{9C48DD1E-7B87-4B7D-AE8E-5875E7147D8D}.Debug|x64.Build.0 = Debug|x64
		{9C48DD1E-7B87-4B7D-AE8E-5875E7147D8D}.Release|ARM64.ActiveCfg = Release|ARM64
		{9C48DD1E-7B87-4B7D-AE8E-5875E7147D8D}.Release|ARM64.Build.0 = Release|ARM64
		{9C48DD1E-7B87-4B7D-AE8E-5875E7147D8D}.Release|x64.ActiveCfg = Release|x64
		{9C48DD1E-7B87-4B7D-AE8E-5875E7147D8D}.Release|x64.Build.0 = Release|x64
		{FF483C87-7B7B-4441-A5D7-A6C55FB29486}.ASan Debug|ARM64.ActiveCfg = ASan Debug|ARM64
		{FF483C87-7B7B-4441-A5D7-A6C55FB29486}.ASan Debug|ARM64.Build.0 = ASan Debug|ARM64
		{FF483C87-7B7B-4441-A5D7-A6C55FB29486}.ASan Debug|x64.ActiveCfg = ASan Debug|x64
		{FF483C87-7B7B-4441-A5D7-A6C55FB29486}.ASan Debug|x64.Build.0 = ASan Debug|x64
		{FF483C87-7B7B-4441-A5D7-A6C55FB29486}.Debug|ARM64.ActiveCfg = Debug|ARM64
		{FF483C87-7B7B-4441-A5D7-A6C55FB29486}.Debug|ARM64.Build.0 = Debug|ARM64
		{FF483C87-7B7B-4441-A5D7-A6C55FB29486}.Debug|x64.ActiveCfg = Debug|x64
		{FF483C87-7B7B-4441-A5D7-A6C55FB29486}.Debug|x64.Build.0 = Debug|x64
		{FF483C87-7B7B-4441-A5D7-A6C55FB29486}.Release|ARM64.ActiveCfg = Release|ARM64
		{FF483C87-7B7B-4441-A5D7-A6C55FB29486}.Release|ARM64.Build.0 = Release|ARM64
		{FF483C87-7B7B-4441-A5D7-A6C55FB29486}.Release|x64.ActiveCfg = Release|x64
		{FF483C87-7B7B-4441-A5D7-A6C55FB29486}.Release|x64.Build.0 = Release|x64
		{DC093B93-8E2F-4541-909B-466900B4A4DE}.ASan Debug|ARM64.ActiveCfg = ASan Debug|ARM64
		{DC093B93-8E2F-4541-909B-466900B4A4DE}.ASan Debug|ARM64.Build.0 = ASan Debug|ARM64
		{DC093B93-8E2F-4541-909B-466900B4A4DE}.ASan Debug|x64.ActiveCfg = ASan Debug|x64
		{DC093B93-8E2F-4541-909B-466900B4A4DE}.ASan Debug|x64.Build.0 = ASan Debug|x64
		{DC093B93-8E2F-4541-909B-466900B4A4DE}.Debug|ARM64.ActiveCfg = Debug|ARM64
		{DC093B93-8E2F-4541-909B-466900B4A4DE}.Debug|ARM64.Build.0 = Debug|ARM64
		{DC093B93-8E2F-4541-909B-466900B4A4DE}.Debug|x64.ActiveCfg = Debug|x64
		{DC093B93-8E2F-4541-909B-466900B4A4DE}.Debug|x64.Build.0 = Debug|x64
		{DC093B93-8E2F-4541-909B-466900B4A4DE}.Release|ARM64.ActiveCfg = Release|ARM64
		{DC093B93-8E2F-4541-909B-466900B4A4DE}.Release|ARM64.Build.0 = Release|ARM64
		{DC093B93-8E2F-4541-909B-466900B4A4DE}.Release|x64.ActiveCfg = Release|x64
		{DC093B93-8E2F-4541-909B-466900B4A4DE}.Release|x64.Build.0 = Release|x64
		{54DF262B-CFA0-4EF1-BE94-CF9799182A71}.ASan Debug|ARM64.ActiveCfg = ASan Debug|ARM64
		{54DF262B-CFA0-4EF1-BE94-CF9799182A71}.ASan Debug|ARM64.Build.0 = ASan Debug|ARM64
		{54DF262B-CFA0-4EF1-BE94-CF9799182A71}.ASan Debug|x64.ActiveCfg = ASan Debug|x64
		{54DF262B-CFA0-4EF1-BE94-CF9799182A71}.ASan Debug|x64.Build.0 = ASan Debug|x64
		{54DF262B-CFA0-4EF1-BE94-CF9799182A71}.Debug|ARM64.ActiveCfg = Debug|ARM64
		{54DF262B-CFA0-4EF1-BE94-CF9799182A71}.Debug|ARM64.Build.0 = Debug|ARM64
		{54DF262B-CFA0-4EF1-BE94-CF9799182A71}.Debug|x64.ActiveCfg = Debug|x64
		{54DF262B-CFA0-4EF1-BE94-CF9799182A71}.Debug|x64.Build.0 = Debug|x64
		{54DF262B-CFA0-4EF1-BE94-CF9799182A71}.Release|ARM64.ActiveCfg = Release|ARM64
		{54DF262B-CFA0-4EF1-BE94-CF9799182A71}.Release|ARM64.Build.0 = Release|ARM64
		{54DF262B-CFA0-4EF1-BE94-CF9799182A71}.Release|x64.ActiveCfg = Release|x64
		{54DF262B-CFA0-4EF1-BE94-CF9799182A71}.Release|x64.Build.0 = Release|x64
		{29BBC5DE-785A-4046-B469-950B3FAEBDB2}.ASan Debug|ARM64.ActiveCfg = ASan Debug|ARM64
		{29BBC5DE-785A-4046-B469-950B3FAEBDB2}.ASan Debug|ARM64.Build.0 = ASan Debug|ARM64
		{29BBC5DE-785A-4046-B469-950B3FAEBDB2}.ASan Debug|x64.ActiveCfg = ASan Debug|x64
		{29BBC5DE-785A-4046-B469-950B3FAEBDB2}.ASan Debug|x64.Build.0 = ASan Debug|x64
		{29BBC5DE-785A-4046-B469-950B3FAEBDB2}.Debug|ARM64.ActiveCfg = Debug|ARM64
		{29BBC5DE-785A-4046-B469-950B3FAEBDB2}.Debug|ARM64.Build.0 = Debug|ARM64
		{29BBC5DE-785A-4046-B469-950B3FAEBDB2}.Debug|x64.ActiveCfg = Debug|x64
		{29BBC5DE-785A-4046-B469-950B3FAEBDB2}.Debug|x64.Build.0 = Debug|x64
		{29BBC5DE-785A-4046-B469-950B3FAEBDB2}.Release|ARM64.ActiveCfg = Release|ARM64
		{29BBC5DE-785A-4046-B469-950B3FAEBDB2}.Release|ARM64.Build.0 = Release|ARM64
		{29BBC5DE-785A-4046-B469-950B3FAEBDB2}.Release|x64.ActiveCfg = Release|x64
		{29BBC5DE-785A-4046-B469-950B3FAEBDB2}.Release|x64.Build.0 = Release|x64
		{A533248B-FCF4-436D-902C-28A623C76273}.ASan Debug|ARM64.ActiveCfg = ASan Debug|ARM64
		{A533248B-FCF4-436D-902C-28A623C76273}.ASan Debug|ARM64.Build.0 = ASan Debug|ARM64
		{A533248B-FCF4-436D-902C-28A623C76273}.ASan Debug|x64.ActiveCfg = ASan Debug|x64
		{A533248B-FCF4-436D-902C-28A623C76273}.ASan Debug|x64.Build.0 = ASan Debug|x64
		{A533248B-FCF4-436D-902C-28A623C76273}.Debug|ARM64.ActiveCfg = Debug|ARM64
		{A533248B-FCF4-436D-902C-28A623C76273}.Debug|ARM64.Build.0 = Debug|ARM64
		{A533248B-FCF4-436D-902C-28A623C76273}.Debug|x64.ActiveCfg = Debug|x64
		{A533248B-FCF4-436D-902C-28A623C76273}.Debug|x64.Build.0 = Debug|x64
		{A533248B-FCF4-436D-902C-28A623C76273}.Release|ARM64.ActiveCfg = Release|ARM64
		{A533248B-FCF4-436D-902C-28A623C76273}.Release|ARM64.Build.0 = Release|ARM64
		{A533248B-FCF4-436D-902C-28A623C76273}.Release|x64.ActiveCfg = Release|x64
		{A533248B-FCF4-436D-902C-28A623C76273}.Release|x64.Build.0 = Release|x64
		{A1AF5BD1-3BF1-4BD5-83BB-6EC9D2E0D0CE}.ASan Debug|ARM64.ActiveCfg = ASan Debug|ARM64
		{A1AF5BD1-3BF1-4BD5-83BB-6EC9D2E0D0CE}.ASan Debug|ARM64.Build.0 = ASan Debug|ARM64
		{A1AF5BD1-3BF1-4BD5-83BB-6EC9D2E0D0CE}.ASan Debug|x64.ActiveCfg = ASan Debug|x64
		{A1AF5BD1-3BF1-4BD5-83BB-6EC9D2E0D0CE}.ASan Debug|x64.Build.0 = ASan Debug|x64
		{A1AF5BD1-3BF1-4BD5-83BB-6EC9D2E0D0CE}.Debug|ARM64.ActiveCfg = Debug|ARM64
		{A1AF5BD1-3BF1-4BD5-83BB-6EC9D2E0D0CE}.Debug|ARM64.Build.0 = Debug|ARM64
		{A1AF5BD1-3BF1-4BD5-83BB-6EC9D2E0D0CE}.Debug|x64.ActiveCfg = Debug|x64
		{A1AF5BD1-3BF1-4BD5-83BB-6EC9D2E0D0CE}.Debug|x64.Build.0 = Debug|x64
		{A1AF5BD1-3BF1-4BD5-83BB-6EC9D2E0D0CE}.Release|ARM64.ActiveCfg = Release|ARM64
		{A1AF5BD1-3BF1-4BD5-83BB-6EC9D2E0D0CE}.Release|ARM64.Build.0 = Release|ARM64
		{A1AF5BD1-3BF1-4BD5-83BB-6EC9D2E0D0CE}.Release|x64.ActiveCfg = Release|x64
		{A1AF5BD1-3BF1-4BD5-83BB-6EC9D2E0D0CE}.Release|x64.Build.0 = Release|x64
		{F2C0D605-2E0F-4D2A-A8A0-2C0F5E5C1B9D}.ASan Debug|ARM64.ActiveCfg = ASan Debug|ARM64
		{F2C0D605-2E0F-4D2A-A8A0-2C0F5E5C1B9D}.ASan Debug|ARM64.Build.0 = ASan Debug|ARM64
		{F2C0D605-2E0F-4D2A-A8A0-2C0F5E5C1B9D}.ASan Debug|x64.ActiveCfg = ASan Debug|x64
		{F2C0D605-2E0F-4D2A-A8A0-2C0F5E5C1B9D}.ASan Debug|x64.Build.0 = ASan Debug|x64
		{F2C0D605-2E0F-4D2A-A8A0-2C0F5E5C1B9D}.Debug|ARM64.ActiveCfg = Debug|ARM64
		{F2C0D605-2E0F-4D2A-A8A0-2C0F5E5C1B9D}.Debug|ARM64.Build.0 = Debug|ARM64
		{F2C0D605-2E0F-4D2A-A8A0-2C0F5E5C1B9D}.Debug|x64.ActiveCfg = Debug|x64
		{F2C0D605-2E0F-4D2A-A8A0-2C0F5E5C1B9D}.Debug|x64.Build.0 = Debug|x64
		{F2C0D605-2E0F-4D2A-A8A0-2C0F5E5C1B9D}.Release|ARM64.ActiveCfg = Release|ARM64
		{F2C0D605-2E0F-4D2A-A8A0-2C0F5E5C1B9D}.Release|ARM64.Build.0 = Release|ARM64
		{F2C0D605-2E0F-4D2A-A8A0-2C0F5E5C1B9D}.Release|x64.ActiveCfg = Release|x64
		{F2C0D605-2E0F-4D2A-A8A0-2C0F5E5C1B9D}.Release|x64.Build.0 = Release|x64
		{3B5E6B2C-0D0B-4B0F-9F57-343F9D2B1C6A}.ASan Debug|ARM64.ActiveCfg = ASan Debug|ARM64
		{3B5E6B2C-0D0B-4B0F-9F57-343F9D2B1C6A}.ASan Debug|ARM64.Build.0 = ASan Debug|ARM64
		{3B5E6B2C-0D0B-4B0F-9F57-343F9D2B1C6A}.ASan Debug|x64.ActiveCfg = ASan Debug|x64
		{3B5E6B2C-0D0B-4B0F-9F57-343F9D2B1C6A}.ASan Debug|x64.Build.0 = ASan Debug|x64
		{3B5E6B2C-0D0B-4B0F-9F57-343F9D2B1C6A}.Debug|ARM64.ActiveCfg = Debug|ARM64
		{3B5E6B2C-0D0B-4B0F-9F57-343F9D2B1C6A}.Debug|ARM64.Build.0 = Debug|ARM64
		{3B5E6B2C-0D0B-4B0F-9F57-343F9D2B1C6A}.Debug|x64.ActiveCfg = Debug|x64
		{3B5E6B2C-0D0B-4B0F-9F57-343F9D2B1C6A}.Debug|x64.Build.0 = Debug|x64
		{3B5E6B2C-0D0B-4B0F-9F57-343F9D2B1C6A}.Release|ARM64.ActiveCfg = Release|ARM64
		{3B5E6B2C-0D0B-4B0F-9F57-343F9D2B1C6A}.Release|ARM64.Build.0 = Release|ARM64
		{3B5E6B2C-0D0B-4B0F-9F57-343F9D2B1C6A}.Release|x64.ActiveCfg = Release|x64
		{3B5E6B2C-0D0B-4B0F-9F57-343F9D2B1C6A}.Release|x64.Build.0 = Release|x64
		{B8E8B457-B7C4-4E7D-BF8D-D18598A0B449}.ASan Debug|ARM64.ActiveCfg = ASan Debug|ARM64
		{B8E8B457-B7C4-4E7D-BF8D-D18598A0B449}.ASan Debug|ARM64.Build.0 = ASan Debug|ARM64
		{B8E8B457-B7C4-4E7D-BF8D-D18598A0B449}.ASan Debug|x64.ActiveCfg = ASan Debug|x64
		{B8E8B457-B7C4-4E7D-BF8D-D18598A0B449}.ASan Debug|x64.Build.0 = ASan Debug|x64
		{B8E8B457-B7C4-4E7D-BF8D-D18598A0B449}.Debug|ARM64.ActiveCfg = Debug|ARM64
		{B8E8B457-B7C4-4E7D-BF8D-D18598A0B449}.Debug|ARM64.Build.0 = Debug|ARM64
		{B8E8B457-B7C4-4E7D-BF8D-D18598A0B449}.Debug|x64.ActiveCfg = Debug|x64
		{B8E8B457-B7C4-4E7D-BF8D-D18598A0B449}.Debug|x64.Build.0 = Debug|x64
		{B8E8B457-B7C4-4E7D-BF8D-D18598A0B449}.Release|ARM64.ActiveCfg = Release|ARM64
		{B8E8B457-B7C4-4E7D-BF8D-D18598A0B449}.Release|ARM64.Build.0 = Release|ARM64
		{B8E8B457-B7C4-4E7D-BF8D-D18598A0B449}.Release|x64.ActiveCfg = Release|x64
		{B8E8B457-B7C4-4E7D-BF8D-D18598A0B449}.Release|x64.Build.0 = Release|x64
		{019B602A-6927-48AC-B2CE-F2630537B1DB}.ASan Debug|ARM64.ActiveCfg = ASan Debug|ARM64
		{019B602A-6927-48AC-B2CE-F2630537B1DB}.ASan Debug|ARM64.Build.0 = ASan Debug|ARM64
		{019B602A-6927-48AC-B2CE-F2630537B1DB}.ASan Debug|x64.ActiveCfg = ASan Debug|x64
		{019B602A-6927-48AC-B2CE-F2630537B1DB}.ASan Debug|x64.Build.0 = ASan Debug|x64
		{019B602A-6927-48AC-B2CE-F2630537B1DB}.Debug|ARM64.ActiveCfg = Debug|ARM64
		{019B602A-6927-48AC-B2CE-F2630537B1DB}.Debug|ARM64.Build.0 = Debug|ARM64
		{019B602A-6927-48AC-B2CE-F2630537B1DB}.Debug|x64.ActiveCfg = Debug|x64
		{019B602A-6927-48AC-B2CE-F2630537B1DB}.Debug|x64.Build.0 = Debug|x64
		{019B602A-6927-48AC-B2CE-F2630537B1DB}.Release|ARM64.ActiveCfg = Release|ARM64
		{019B602A-6927-48AC-B2CE-F2630537B1DB}.Release|ARM64.Build.0 = Release|ARM64
		{019B602A-6927-48AC-B2CE-F2630537B1DB}.Release|x64.ActiveCfg = Release|x64
		{019B602A-6927-48AC-B2CE-F2630537B1DB}.Release|x64.Build.0 = Release|x64
		{6B1D68C6-8B63-4D95-94DC-5C686FC9FD67}.ASan Debug|ARM64.ActiveCfg = ASan Debug|ARM64
		{6B1D68C6-8B63-4D95-94DC-5C686FC9FD67}.ASan Debug|ARM64.Build.0 = ASan Debug|ARM64
		{6B1D68C6-8B63-4D95-94DC-5C686FC9FD67}.ASan Debug|x64.ActiveCfg = ASan Debug|x64
		{6B1D68C6-8B63-4D95-94DC-5C686FC9FD67}.ASan Debug|x64.Build.0 = ASan Debug|x64
		{6B1D68C6-8B63-4D95-94DC-5C686FC9FD67}.Debug|ARM64.ActiveCfg = Debug|ARM64
		{6B1D68C6-8B63-4D95-94DC-5C686FC9FD67}.Debug|ARM64.Build.0 = Debug|ARM64
		{6B1D68C6-8B63-4D95-94DC-5C686FC9FD67}.Debug|x64.ActiveCfg = Debug|x64
		{6B1D68C6-8B63-4D95-94DC-5C686FC9FD67}.Debug|x64.Build.0 = Debug|x64
		{6B1D68C6-8B63-4D95-94DC-5C686FC9FD67}.Release|ARM64.ActiveCfg = Release|ARM64
		{6B1D68C6-8B63-4D95-94DC-5C686FC9FD67}.Release|ARM64.Build.0 = Release|ARM64
		{6B1D68C6-8B63-4D95-94DC-5C686FC9FD67}.Release|x64.ActiveCfg = Release|x64
		{6B1D68C6-8B63-4D95-94DC-5C686FC9FD67}.Release|x64.Build.0 = Release|x64
		{A1E63302-8AEF-47F2-8E38-BA12988ED0C9}.ASan Debug|ARM64.ActiveCfg = ASan Debug|ARM64
		{A1E63302-8AEF-47F2-8E38-BA12988ED0C9}.ASan Debug|ARM64.Build.0 = ASan Debug|ARM64
		{A1E63302-8AEF-47F2-8E38-BA12988ED0C9}.ASan Debug|x64.ActiveCfg = ASan Debug|x64
		{A1E63302-8AEF-47F2-8E38-BA12988ED0C9}.ASan Debug|x64.Build.0 = ASan Debug|x64
		{A1E63302-8AEF-47F2-8E38-BA12988ED0C9}.Debug|ARM64.ActiveCfg = Debug|ARM64
		{A1E63302-8AEF-47F2-8E38-BA12988ED0C9}.Debug|ARM64.Build.0 = Debug|ARM64
		{A1E63302-8AEF-47F2-8E38-BA12988ED0C9}.Debug|x64.ActiveCfg = Debug|x64
		{A1E63302-8AEF-47F2-8E38-BA12988ED0C9}.Debug|x64.Build.0 = Debug|x64
		{A1E63302-8AEF-47F2-8E38-BA12988ED0C9}.Release|ARM64.ActiveCfg = Release|ARM64
		{A1E63302-8AEF-47F2-8E38-BA12988ED0C9}.Release|ARM64.Build.0 = Release|ARM64
		{A1E63302-8AEF-47F2-8E38-BA12988ED0C9}.Release|x64.ActiveCfg = Release|x64
		{A1E63302-8AEF-47F2-8E38-BA12988ED0C9}.Release|x64.Build.0 = Release|x64
		{58A0DE28-F167-48CA-9CC2-CA6D6313A0F1}.ASan Debug|ARM64.ActiveCfg = ASan Debug|ARM64
		{58A0DE28-F167-48CA-9CC2-CA6D6313A0F1}.ASan Debug|ARM64.Build.0 = ASan Debug|ARM64
		{58A0DE28-F167-48CA-9CC2-CA6D6313A0F1}.ASan Debug|x64.ActiveCfg = ASan Debug|x64
		{58A0DE28-F167-48CA-9CC2-CA6D6313A0F1}.ASan Debug|x64.Build.0 = ASan Debug|x64
		{58A0DE28-F167-48CA-9CC2-CA6D6313A0F1}.Debug|ARM64.ActiveCfg = Debug|ARM64
		{58A0DE28-F167-48CA-9CC2-CA6D6313A0F1}.Debug|ARM64.Build.0 = Debug|ARM64
		{58A0DE28-F167-48CA-9CC2-CA6D6313A0F1}.Debug|x64.ActiveCfg = Debug|x64
		{58A0DE28-F167-48CA-9CC2-CA6D6313A0F1}.Debug|x64.Build.0 = Debug|x64
		{58A0DE28-F167-48CA-9CC2-CA6D6313A0F1}.Release|ARM64.ActiveCfg = Release|ARM64
		{58A0DE28-F167-48CA-9CC2-CA6D6313A0F1}.Release|ARM64.Build.0 = Release|ARM64
		{58A0DE28-F167-48CA-9CC2-CA6D6313A0F1}.Release|x64.ActiveCfg = Release|x64
		{58A0DE28-F167-48CA-9CC2-CA6D6313A0F1}.Release|x64.Build.0 = Release|x64
		{0DE8F6B5-FCD1-4BBF-AB29-B987731B9FAA}.ASan Debug|ARM64.ActiveCfg = ASan Debug|ARM64
		{0DE8F6B5-FCD1-4BBF-AB29-B987731B9FAA}.ASan Debug|ARM64.Build.0 = ASan Debug|ARM64
		{0DE8F6B5-FCD1-4BBF-AB29-B987731B9FAA}.ASan Debug|x64.ActiveCfg = ASan Debug|x64
		{0DE8F6B5-FCD1-4BBF-AB29-B987731B9FAA}.ASan Debug|x64.Build.0 = ASan Debug|x64
		{0DE8F6B5-FCD1-4BBF-AB29-B987731B9FAA}.Debug|ARM64.ActiveCfg = Debug|ARM64
		{0DE8F6B5-FCD1-4BBF-AB29-B987731B9FAA}.Debug|ARM64.Build.0 = Debug|ARM64
		{0DE8F6B5-FCD1-4BBF-AB29-B987731B9FAA}.Debug|x64.ActiveCfg = Debug|x64
		{0DE8F6B5-FCD1-4BBF-AB29-B987731B9FAA}.Debug|x64.Build.0 = Debug|x64
		{0DE8F6B5-FCD1-4BBF-AB29-B987731B9FAA}.Release|ARM64.ActiveCfg = Release|ARM64
		{0DE8F6B5-FCD1-4BBF-AB29-B987731B9FAA}.Release|ARM64.Build.0 = Release|ARM64
		{0DE8F6B5-FCD1-4BBF-AB29-B987731B9FAA}.Release|x64.ActiveCfg = Release|x64
		{0DE8F6B5-FCD1-4BBF-AB29-B987731B9FAA}.Release|x64.Build.0 = Release|x64
		{BEC3E5BC-7169-4D18-BCE4-BB8457D6FF22}.ASan Debug|ARM64.ActiveCfg = ASan Debug|ARM64
		{BEC3E5BC-7169-4D18-BCE4-BB8457D6FF22}.ASan Debug|ARM64.Build.0 = ASan Debug|ARM64
		{BEC3E5BC-7169-4D18-BCE4-BB8457D6FF22}.ASan Debug|x64.ActiveCfg = ASan Debug|x64
		{BEC3E5BC-7169-4D18-BCE4-BB8457D6FF22}.ASan Debug|x64.Build.0 = ASan Debug|x64
		{BEC3E5BC-7169-4D18-BCE4-BB8457D6FF22}.Debug|ARM64.ActiveCfg = Debug|ARM64
		{BEC3E5BC-7169-4D18-BCE4-BB8457D6FF22}.Debug|ARM64.Build.0 = Debug|ARM64
		{BEC3E5BC-7169-4D18-BCE4-BB8457D6FF22}.Debug|x64.ActiveCfg = Debug|x64
		{BEC3E5BC-7169-4D18-BCE4-BB8457D6FF22}.Debug|x64.Build.0 = Debug|x64
		{BEC3E5BC-7169-4D18-BCE4-BB8457D6FF22}.Release|ARM64.ActiveCfg = Release|ARM64
		{BEC3E5BC-7169-4D18-BCE4-BB8457D6FF22}.Release|ARM64.Build.0 = Release|ARM64
		{BEC3E5BC-7169-4D18-BCE4-BB8457D6FF22}.Release|x64.ActiveCfg = Release|x64
		{BEC3E5BC-7169-4D18-BCE4-BB8457D6FF22}.Release|x64.Build.0 = Release|x64
	EndGlobalSection
	GlobalSection(SolutionProperties) = preSolution
		HideSolutionNode = FALSE
	EndGlobalSection
	GlobalSection(NestedProjects) = preSolution
		{FF4E36BC-807A-46AF-A37E-1C152D6BDCC3} = {B52E4DB3-D506-4FF4-A314-E1A317B9AD95}
		{9C48DD1E-7B87-4B7D-AE8E-5875E7147D8D} = {B52E4DB3-D506-4FF4-A314-E1A317B9AD95}
		{FF483C87-7B7B-4441-A5D7-A6C55FB29486} = {02EA681E-C7D8-13C7-8484-4AC65E1B71E8}
		{DC093B93-8E2F-4541-909B-466900B4A4DE} = {02EA681E-C7D8-13C7-8484-4AC65E1B71E8}
		{54DF262B-CFA0-4EF1-BE94-CF9799182A71} = {02EA681E-C7D8-13C7-8484-4AC65E1B71E8}
		{29BBC5DE-785A-4046-B469-950B3FAEBDB2} = {02EA681E-C7D8-13C7-8484-4AC65E1B71E8}
		{A533248B-FCF4-436D-902C-28A623C76273} = {02EA681E-C7D8-13C7-8484-4AC65E1B71E8}
		{A1AF5BD1-3BF1-4BD5-83BB-6EC9D2E0D0CE} = {02EA681E-C7D8-13C7-8484-4AC65E1B71E8}
		{CA2F8920-35D5-45FB-A17C-22A741C33B68} = {6E4B64A1-B26D-421B-894D-5668003301CE}
		{F2C0D605-2E0F-4D2A-A8A0-2C0F5E5C1B9D} = {B52E4DB3-D506-4FF4-A314-E1A317B9AD95}
		{3B5E6B2C-0D0B-4B0F-9F57-343F9D2B1C6A} = {B52E4DB3-D506-4FF4-A314-E1A317B9AD95}
		{B8E8B457-B7C4-4E7D-BF8D-D18598A0B449} = {B52E4DB3-D506-4FF4-A314-E1A317B9AD95}
		{019B602A-6927-48AC-B2CE-F2630537B1DB} = {B52E4DB3-D506-4FF4-A314-E1A317B9AD95}
		{6B1D68C6-8B63-4D95-94DC-5C686FC9FD67} = {B52E4DB3-D506-4FF4-A314-E1A317B9AD95}
		{A1E63302-8AEF-47F2-8E38-BA12988ED0C9} = {B52E4DB3-D506-4FF4-A314-E1A317B9AD95}
		{58A0DE28-F167-48CA-9CC2-CA6D6313A0F1} = {B52E4DB3-D506-4FF4-A314-E1A317B9AD95}
		{0DE8F6B5-FCD1-4BBF-AB29-B987731B9FAA} = {B52E4DB3-D506-4FF4-A314-E1A317B9AD95}
		{BEC3E5BC-7169-4D18-BCE4-BB8457D6FF22} = {B52E4DB3-D506-4FF4-A314-E1A317B9AD95}
	EndGlobalSection
	GlobalSection(ExtensibilityGlobals) = postSolution
		SolutionGuid = {FA1F4638-F782-4812-957B-C69179AD69D6}
	EndGlobalSection
EndGlobal
