<?xml version="1.0" encoding="utf-8"?>
<Project ToolsVersion="4.0" xmlns="http://schemas.microsoft.com/developer/msbuild/2003">
  <ItemGroup>
    <Filter Include="Source Files">
      <UniqueIdentifier>{AB876635-F141-4A1D-A04D-E93B3BC39595}</UniqueIdentifier>
      <Extensions>cpp;c;cc;cxx;c++;def;odl;idl;hpj;bat;asm;asmx</Extensions>
    </Filter>
    <Filter Include="Header Files">
      <UniqueIdentifier>{50952A64-F7D7-42D9-9600-028C6AEB0AE4}</UniqueIdentifier>
      <Extensions>h;hh;hpp;hxx;h++;hm;inl;inc;ipp;xsd</Extensions>
    </Filter>
    <Filter Include="Resource Files">
      <UniqueIdentifier>{E78D93ED-836F-4676-8B0E-6CCF1758EB95}</UniqueIdentifier>
      <Extensions>rc;ico;cur;bmp;dlg;rc2;rct;bin;rgs;gif;jpg;jpeg;jpe;resx;tiff;tif;png;wav</Extensions>
    </Filter>
  </ItemGroup>
  <ItemGroup>
    <ClCompile Include="Localization\PlaceholderValidation.cpp">
      <Filter>Source Files</Filter>
    </ClCompile>
    <ClCompile Include="Localization\RcParser.cpp">
      <Filter>Source Files</Filter>
    </ClCompile>
    <ClCompile Include="Localization\RcWriter.cpp">
      <Filter>Source Files</Filter>
    </ClCompile>
    <ClCompile Include="Main.cpp">
      <Filter>Source Files</Filter>
    </ClCompile>
    <ClCompile Include="RedConfigureApp.cpp">
      <Filter>Source Files</Filter>
    </ClCompile>
    <ClCompile Include="RedConfigureRoot.cpp">
      <Filter>Source Files</Filter>
    </ClCompile>
    <ClCompile Include="RedConfigureSession.cpp">
      <Filter>Source Files</Filter>
    </ClCompile>
    <ClCompile Include="RedConfigureSplashScreen.cpp">
      <Filter>Source Files</Filter>
    </ClCompile>
    <ClCompile Include="RedConfigureTraceProvider.cpp">
      <Filter>Source Files</Filter>
    </ClCompile>
    <ClCompile Include="RedConfigureUiHelpers.cpp">
      <Filter>Source Files</Filter>
    </ClCompile>
    <ClCompile Include="Themes\ThemeCatalog.cpp">
      <Filter>Source Files</Filter>
    </ClCompile>
    <ClCompile Include="Themes\ThemePreviewModel.cpp">
      <Filter>Source Files</Filter>
    </ClCompile>
    <ClCompile Include="Workspace\WorkspaceDiscovery.cpp">
      <Filter>Source Files</Filter>
    </ClCompile>
  </ItemGroup>
  <ItemGroup>
    <ClInclude Include="RedConfigureBinaryFile.h">
      <Filter>Header Files</Filter>
    </ClInclude>
    <ClInclude Include="Localization\PlaceholderValidation.h">
      <Filter>Header Files</Filter>
    </ClInclude>
    <ClInclude Include="Localization\RcParser.h">
      <Filter>Header Files</Filter>
    </ClInclude>
    <ClInclude Include="Localization\RcWriter.h">
      <Filter>Header Files</Filter>
    </ClInclude>
    <ClInclude Include="RedConfigureApp.h">
      <Filter>Header Files</Filter>
    </ClInclude>
    <ClInclude Include="RedConfigureGridModels.h">
      <Filter>Header Files</Filter>
    </ClInclude>
    <ClInclude Include="RedConfigureRoot.h">
      <Filter>Header Files</Filter>
    </ClInclude>
    <ClInclude Include="RedConfigureSession.h">
      <Filter>Header Files</Filter>
    </ClInclude>
    <ClInclude Include="RedConfigureSplashScreen.h">
      <Filter>Header Files</Filter>
    </ClInclude>
    <ClInclude Include="RedConfigureThemeExampleControl.h">
      <Filter>Header Files</Filter>
    </ClInclude>
    <ClInclude Include="RedConfigureUiHelpers.h">
      <Filter>Header Files</Filter>
    </ClInclude>
    <ClInclude Include="resource.h">
      <Filter>Header Files</Filter>
    </ClInclude>
    <ClInclude Include="Themes\ThemeCatalog.h">
      <Filter>Header Files</Filter>
    </ClInclude>
    <ClInclude Include="Themes\ThemePreviewModel.h">
      <Filter>Header Files</Filter>
    </ClInclude>
    <ClInclude Include="Workspace\WorkspaceDiscovery.h">
      <Filter>Header Files</Filter>
    </ClInclude>
  </ItemGroup>
  <ItemGroup>
    <ResourceCompile Include="RedConfigure.rc">
      <Filter>Resource Files</Filter>
    </ResourceCompile>
  </ItemGroup>
  <ItemGroup>
    <Image Include="res\RedConfigure.ico">
      <Filter>Resource Files</Filter>
    </Image>
  </ItemGroup>
</Project>
